lockfileVersion: 5.4

specifiers:
  '@types/body-parser': ^1.19.2
  '@types/cors': ^2.8.13
  '@types/jsonwebtoken': ^9.0.2
  gibberish: ^0.1.2

dependencies:
  '@types/body-parser': 1.19.2
  '@types/cors': 2.8.13
  '@types/jsonwebtoken': 9.0.2
  gibberish: 0.1.2

packages:

  /@types/body-parser/1.19.2:
    resolution: {integrity: sha512-ALYone6pm6QmwZoAgeyNksccT9Q4AWZQ6PvfwR37GT6r6FWUPguq6sUmNGSMV2Wr761oQoBxwGGa6DR5o1DC9g==}
    dependencies:
      '@types/connect': 3.4.35
      '@types/node': 20.0.0
    dev: false

  /@types/connect/3.4.35:
    resolution: {integrity: sha512-cdeYyv4KWoEgpBISTxWvqYsVy444DOqehiF3fM3ne10AmJ62RSyNkUnxMJXHQWRQQX2eR94m5y1IZyDwBjV9FQ==}
    dependencies:
      '@types/node': 20.0.0
    dev: false

  /@types/cors/2.8.13:
    resolution: {integrity: sha512-RG8AStHlUiV5ysZQKq97copd2UmVYw3/pRMLefISZ3S1hK104Cwm7iLQ3fTKx+lsUH2CE8FlLaYeEA2LSeqYUA==}
    dependencies:
      '@types/node': 20.0.0
    dev: false

  /@types/jsonwebtoken/9.0.2:
    resolution: {integrity: sha512-drE6uz7QBKq1fYqqoFKTDRdFCPHd5TCub75BM+D+cMx7NU9hUz7SESLfC2fSCXVFMO5Yj8sOWHuGqPgjc+fz0Q==}
    dependencies:
      '@types/node': 20.0.0
    dev: false

  /@types/node/20.0.0:
    resolution: {integrity: sha512-cD2uPTDnQQCVpmRefonO98/PPijuOnnEy5oytWJFPY1N9aJCz2wJ5kSGWO+zJoed2cY2JxQh6yBuUq4vIn61hw==}
    dev: false

  /gibberish/0.1.2:
    resolution: {integrity: sha512-E8jr5W/Std5zm9KkF6NPJr7JfQSjqpdVAE/nDK5MdVmmWj1lcHUeOsEwAW3ASKp4qe6Da7LRtHAxrsWXy86wVg==}
    dev: false
